
Microsoft Visual Studio Solution File, Format Version 12.00
# Visual Studio Version 16
VisualStudioVersion = 16.0.31515.178
MinimumVisualStudioVersion = 10.0.40219.1
Project("{FAE04EC0-301F-11D3-BF4B-00C04F79EFBC}") = "OGFrp.UI", "src\OGFrp.UI\OGFrp.UI.csproj", "{5D663D05-BF63-44BB-BB0B-8B14C7E8810A}"
EndProject
Project("{F184B08F-C81C-45F6-A57F-5ABD9991F28F}") = "OGFrp.Main", "src\OGFrp.Main\OGFrp.Main.vbproj", "{F2249DEF-3392-487D-A08E-91D1B5938B0A}"
EndProject
Project("{FAE04EC0-301F-11D3-BF4B-00C04F79EFBC}") = "OGFrp.Lite", "src\OGFrp.Lite\OGFrp.Lite.csproj", "{BE9916D1-32E4-4179-BEAA-1EAFBE01C819}"
EndProject
Project("{D954291E-2A0B-460D-934E-DC6B0785DB48}") = "OGFrp.SharedCS", "src\OGFrp.SharedCS\OGFrp.SharedCS.shproj", "{E7DBE375-CF34-445F-BB78-9E988EE3A6CC}"
EndProject
Project("{8BC9CEB8-8B4A-11D0-8D11-00A0C91BC942}") = "OGFrp.Linux.Common", "src\OGFrp.Linux.Common\OGFrp.Linux.Common.vcxitems", "{86FF10A2-7406-4DEF-BDE6-8D48D9DB1EB6}"
EndProject
Project("{8BC9CEB8-8B4A-11D0-8D11-00A0C91BC942}") = "OGFrp.Linux.i386", "src\OGFrp.Linux\OGFrp.Linux.i386\OGFrp.Linux.i386.vcxproj", "{005F7A65-C4A4-4E7F-8A02-A1076B834745}"
EndProject
Project("{2150E333-8FDC-42A3-9474-1A3956D46DE8}") = "OGFrp.Linux", "OGFrp.Linux", "{7AB8D65E-712F-4023-8182-6BA4756F9695}"
EndProject
Project("{8BC9CEB8-8B4A-11D0-8D11-00A0C91BC942}") = "OGFrp.Linux.arm64", "src\OGFrp.Linux\OGFrp.Linux.arm64\OGFrp.Linux.arm64.vcxproj", "{87D4E808-FBBF-40FC-B424-A75177945E42}"
EndProject
Project("{8BC9CEB8-8B4A-11D0-8D11-00A0C91BC942}") = "OGFrp.Linux.amd64", "src\OGFrp.Linux\OGFrp.Linux.amd64\OGFrp.Linux.amd64.vcxproj", "{A4444A8B-ED62-49DC-88CB-7B21C08C2511}"
EndProject
Project("{888888A0-9F3D-457C-B088-3A5042F75D52}") = "OGFrp.Linux.Installer", "src\OGFrp.Linux.Installer\OGFrp.Linux.Installer.pyproj", "{8E53DD2B-A14A-4AF5-89B3-0884F6C04792}"
EndProject
Global
	GlobalSection(SharedMSBuildProjectFiles) = preSolution
		src\OGFrp.Linux.Common\OGFrp.Linux.Common.vcxitems*{005f7a65-c4a4-4e7f-8a02-a1076b834745}*SharedItemsImports = 4
		src\OGFrp.SharedCS\OGFrp.SharedCS.projitems*{5d663d05-bf63-44bb-bb0b-8b14c7e8810a}*SharedItemsImports = 4
		src\OGFrp.Linux.Common\OGFrp.Linux.Common.vcxitems*{86ff10a2-7406-4def-bde6-8d48d9db1eb6}*SharedItemsImports = 9
		src\OGFrp.Linux.Common\OGFrp.Linux.Common.vcxitems*{87d4e808-fbbf-40fc-b424-a75177945e42}*SharedItemsImports = 4
		src\OGFrp.Linux.Common\OGFrp.Linux.Common.vcxitems*{a4444a8b-ed62-49dc-88cb-7b21c08c2511}*SharedItemsImports = 4
		src\OGFrp.SharedCS\OGFrp.SharedCS.projitems*{be9916d1-32e4-4179-beaa-1eafbe01c819}*SharedItemsImports = 4
		src\OGFrp.SharedCS\OGFrp.SharedCS.projitems*{e7dbe375-cf34-445f-bb78-9e988ee3a6cc}*SharedItemsImports = 13
	EndGlobalSection
	GlobalSection(SolutionConfigurationPlatforms) = preSolution
		Debug|Any CPU = Debug|Any CPU
		Debug|ARM = Debug|ARM
		Debug|ARM64 = Debug|ARM64
		Debug|x64 = Debug|x64
		Debug|x86 = Debug|x86
		Release|Any CPU = Release|Any CPU
		Release|ARM = Release|ARM
		Release|ARM64 = Release|ARM64
		Release|x64 = Release|x64
		Release|x86 = Release|x86
	EndGlobalSection
	GlobalSection(ProjectConfigurationPlatforms) = postSolution
		{5D663D05-BF63-44BB-BB0B-8B14C7E8810A}.Debug|Any CPU.ActiveCfg = Debug|Any CPU
		{5D663D05-BF63-44BB-BB0B-8B14C7E8810A}.Debug|Any CPU.Build.0 = Debug|Any CPU
		{5D663D05-BF63-44BB-BB0B-8B14C7E8810A}.Debug|ARM.ActiveCfg = Debug|Any CPU
		{5D663D05-BF63-44BB-BB0B-8B14C7E8810A}.Debug|ARM.Build.0 = Debug|Any CPU
		{5D663D05-BF63-44BB-BB0B-8B14C7E8810A}.Debug|ARM64.ActiveCfg = Debug|Any CPU
		{5D663D05-BF63-44BB-BB0B-8B14C7E8810A}.Debug|ARM64.Build.0 = Debug|Any CPU
		{5D663D05-BF63-44BB-BB0B-8B14C7E8810A}.Debug|x64.ActiveCfg = Debug|x64
		{5D663D05-BF63-44BB-BB0B-8B14C7E8810A}.Debug|x64.Build.0 = Debug|x64
		{5D663D05-BF63-44BB-BB0B-8B14C7E8810A}.Debug|x86.ActiveCfg = Debug|Any CPU
		{5D663D05-BF63-44BB-BB0B-8B14C7E8810A}.Debug|x86.Build.0 = Debug|Any CPU
		{5D663D05-BF63-44BB-BB0B-8B14C7E8810A}.Release|Any CPU.ActiveCfg = Release|Any CPU
		{5D663D05-BF63-44BB-BB0B-8B14C7E8810A}.Release|Any CPU.Build.0 = Release|Any CPU
		{5D663D05-BF63-44BB-BB0B-8B14C7E8810A}.Release|ARM.ActiveCfg = Release|Any CPU
		{5D663D05-BF63-44BB-BB0B-8B14C7E8810A}.Release|ARM.Build.0 = Release|Any CPU
		{5D663D05-BF63-44BB-BB0B-8B14C7E8810A}.Release|ARM64.ActiveCfg = Release|Any CPU
		{5D663D05-BF63-44BB-BB0B-8B14C7E8810A}.Release|ARM64.Build.0 = Release|Any CPU
		{5D663D05-BF63-44BB-BB0B-8B14C7E8810A}.Release|x64.ActiveCfg = Release|x64
		{5D663D05-BF63-44BB-BB0B-8B14C7E8810A}.Release|x64.Build.0 = Release|x64
		{5D663D05-BF63-44BB-BB0B-8B14C7E8810A}.Release|x86.ActiveCfg = Release|Any CPU
		{5D663D05-BF63-44BB-BB0B-8B14C7E8810A}.Release|x86.Build.0 = Release|Any CPU
		{F2249DEF-3392-487D-A08E-91D1B5938B0A}.Debug|Any CPU.ActiveCfg = Debug|Any CPU
		{F2249DEF-3392-487D-A08E-91D1B5938B0A}.Debug|Any CPU.Build.0 = Debug|Any CPU
		{F2249DEF-3392-487D-A08E-91D1B5938B0A}.Debug|ARM.ActiveCfg = Debug|Any CPU
		{F2249DEF-3392-487D-A08E-91D1B5938B0A}.Debug|ARM.Build.0 = Debug|Any CPU
		{F2249DEF-3392-487D-A08E-91D1B5938B0A}.Debug|ARM64.ActiveCfg = Debug|Any CPU
		{F2249DEF-3392-487D-A08E-91D1B5938B0A}.Debug|ARM64.Build.0 = Debug|Any CPU
		{F2249DEF-3392-487D-A08E-91D1B5938B0A}.Debug|x64.ActiveCfg = Debug|x64
		{F2249DEF-3392-487D-A08E-91D1B5938B0A}.Debug|x64.Build.0 = Debug|x64
		{F2249DEF-3392-487D-A08E-91D1B5938B0A}.Debug|x86.ActiveCfg = Debug|Any CPU
		{F2249DEF-3392-487D-A08E-91D1B5938B0A}.Debug|x86.Build.0 = Debug|Any CPU
		{F2249DEF-3392-487D-A08E-91D1B5938B0A}.Release|Any CPU.ActiveCfg = Release|Any CPU
		{F2249DEF-3392-487D-A08E-91D1B5938B0A}.Release|Any CPU.Build.0 = Release|Any CPU
		{F2249DEF-3392-487D-A08E-91D1B5938B0A}.Release|ARM.ActiveCfg = Release|Any CPU
		{F2249DEF-3392-487D-A08E-91D1B5938B0A}.Release|ARM.Build.0 = Release|Any CPU
		{F2249DEF-3392-487D-A08E-91D1B5938B0A}.Release|ARM64.ActiveCfg = Release|Any CPU
		{F2249DEF-3392-487D-A08E-91D1B5938B0A}.Release|ARM64.Build.0 = Release|Any CPU
		{F2249DEF-3392-487D-A08E-91D1B5938B0A}.Release|x64.ActiveCfg = Release|x64
		{F2249DEF-3392-487D-A08E-91D1B5938B0A}.Release|x64.Build.0 = Release|x64
		{F2249DEF-3392-487D-A08E-91D1B5938B0A}.Release|x86.ActiveCfg = Release|Any CPU
		{F2249DEF-3392-487D-A08E-91D1B5938B0A}.Release|x86.Build.0 = Release|Any CPU
		{BE9916D1-32E4-4179-BEAA-1EAFBE01C819}.Debug|Any CPU.ActiveCfg = Debug|Any CPU
		{BE9916D1-32E4-4179-BEAA-1EAFBE01C819}.Debug|Any CPU.Build.0 = Debug|Any CPU
		{BE9916D1-32E4-4179-BEAA-1EAFBE01C819}.Debug|ARM.ActiveCfg = Debug|Any CPU
		{BE9916D1-32E4-4179-BEAA-1EAFBE01C819}.Debug|ARM.Build.0 = Debug|Any CPU
		{BE9916D1-32E4-4179-BEAA-1EAFBE01C819}.Debug|ARM64.ActiveCfg = Debug|Any CPU
		{BE9916D1-32E4-4179-BEAA-1EAFBE01C819}.Debug|ARM64.Build.0 = Debug|Any CPU
		{BE9916D1-32E4-4179-BEAA-1EAFBE01C819}.Debug|x64.ActiveCfg = Debug|x64
		{BE9916D1-32E4-4179-BEAA-1EAFBE01C819}.Debug|x64.Build.0 = Debug|x64
		{BE9916D1-32E4-4179-BEAA-1EAFBE01C819}.Debug|x86.ActiveCfg = Debug|Any CPU
		{BE9916D1-32E4-4179-BEAA-1EAFBE01C819}.Debug|x86.Build.0 = Debug|Any CPU
		{BE9916D1-32E4-4179-BEAA-1EAFBE01C819}.Release|Any CPU.ActiveCfg = Release|Any CPU
		{BE9916D1-32E4-4179-BEAA-1EAFBE01C819}.Release|Any CPU.Build.0 = Release|Any CPU
		{BE9916D1-32E4-4179-BEAA-1EAFBE01C819}.Release|ARM.ActiveCfg = Release|Any CPU
		{BE9916D1-32E4-4179-BEAA-1EAFBE01C819}.Release|ARM.Build.0 = Release|Any CPU
		{BE9916D1-32E4-4179-BEAA-1EAFBE01C819}.Release|ARM64.ActiveCfg = Release|Any CPU
		{BE9916D1-32E4-4179-BEAA-1EAFBE01C819}.Release|ARM64.Build.0 = Release|Any CPU
		{BE9916D1-32E4-4179-BEAA-1EAFBE01C819}.Release|x64.ActiveCfg = Release|x64
		{BE9916D1-32E4-4179-BEAA-1EAFBE01C819}.Release|x64.Build.0 = Release|x64
		{BE9916D1-32E4-4179-BEAA-1EAFBE01C819}.Release|x86.ActiveCfg = Release|Any CPU
		{BE9916D1-32E4-4179-BEAA-1EAFBE01C819}.Release|x86.Build.0 = Release|Any CPU
		{005F7A65-C4A4-4E7F-8A02-A1076B834745}.Debug|Any CPU.ActiveCfg = Debug|x86
		{005F7A65-C4A4-4E7F-8A02-A1076B834745}.Debug|Any CPU.Build.0 = Debug|x86
		{005F7A65-C4A4-4E7F-8A02-A1076B834745}.Debug|Any CPU.Deploy.0 = Debug|x86
		{005F7A65-C4A4-4E7F-8A02-A1076B834745}.Debug|ARM.ActiveCfg = Debug|x86
		{005F7A65-C4A4-4E7F-8A02-A1076B834745}.Debug|ARM.Build.0 = Debug|x86
		{005F7A65-C4A4-4E7F-8A02-A1076B834745}.Debug|ARM.Deploy.0 = Debug|x86
		{005F7A65-C4A4-4E7F-8A02-A1076B834745}.Debug|ARM64.ActiveCfg = Debug|x86
		{005F7A65-C4A4-4E7F-8A02-A1076B834745}.Debug|ARM64.Build.0 = Debug|x86
		{005F7A65-C4A4-4E7F-8A02-A1076B834745}.Debug|ARM64.Deploy.0 = Debug|x86
		{005F7A65-C4A4-4E7F-8A02-A1076B834745}.Debug|x64.ActiveCfg = Debug|x86
		{005F7A65-C4A4-4E7F-8A02-A1076B834745}.Debug|x64.Build.0 = Debug|x86
		{005F7A65-C4A4-4E7F-8A02-A1076B834745}.Debug|x64.Deploy.0 = Debug|x86
		{005F7A65-C4A4-4E7F-8A02-A1076B834745}.Debug|x86.ActiveCfg = Debug|x86
		{005F7A65-C4A4-4E7F-8A02-A1076B834745}.Debug|x86.Build.0 = Debug|x86
		{005F7A65-C4A4-4E7F-8A02-A1076B834745}.Debug|x86.Deploy.0 = Debug|x86
		{005F7A65-C4A4-4E7F-8A02-A1076B834745}.Release|Any CPU.ActiveCfg = Release|x86
		{005F7A65-C4A4-4E7F-8A02-A1076B834745}.Release|ARM.ActiveCfg = Release|ARM
		{005F7A65-C4A4-4E7F-8A02-A1076B834745}.Release|ARM.Build.0 = Release|ARM
		{005F7A65-C4A4-4E7F-8A02-A1076B834745}.Release|ARM.Deploy.0 = Release|ARM
		{005F7A65-C4A4-4E7F-8A02-A1076B834745}.Release|ARM64.ActiveCfg = Release|ARM64
		{005F7A65-C4A4-4E7F-8A02-A1076B834745}.Release|ARM64.Build.0 = Release|ARM64
		{005F7A65-C4A4-4E7F-8A02-A1076B834745}.Release|ARM64.Deploy.0 = Release|ARM64
		{005F7A65-C4A4-4E7F-8A02-A1076B834745}.Release|x64.ActiveCfg = Release|x64
		{005F7A65-C4A4-4E7F-8A02-A1076B834745}.Release|x64.Build.0 = Release|x64
		{005F7A65-C4A4-4E7F-8A02-A1076B834745}.Release|x64.Deploy.0 = Release|x64
		{005F7A65-C4A4-4E7F-8A02-A1076B834745}.Release|x86.ActiveCfg = Release|x86
		{005F7A65-C4A4-4E7F-8A02-A1076B834745}.Release|x86.Build.0 = Release|x86
		{005F7A65-C4A4-4E7F-8A02-A1076B834745}.Release|x86.Deploy.0 = Release|x86
		{87D4E808-FBBF-40FC-B424-A75177945E42}.Debug|Any CPU.ActiveCfg = Debug|ARM64
		{87D4E808-FBBF-40FC-B424-A75177945E42}.Debug|Any CPU.Build.0 = Debug|ARM64
		{87D4E808-FBBF-40FC-B424-A75177945E42}.Debug|Any CPU.Deploy.0 = Debug|ARM64
		{87D4E808-FBBF-40FC-B424-A75177945E42}.Debug|ARM.ActiveCfg = Debug|ARM64
		{87D4E808-FBBF-40FC-B424-A75177945E42}.Debug|ARM.Build.0 = Debug|ARM64
		{87D4E808-FBBF-40FC-B424-A75177945E42}.Debug|ARM.Deploy.0 = Debug|ARM64
		{87D4E808-FBBF-40FC-B424-A75177945E42}.Debug|ARM64.ActiveCfg = Debug|ARM64
		{87D4E808-FBBF-40FC-B424-A75177945E42}.Debug|ARM64.Build.0 = Debug|ARM64
		{87D4E808-FBBF-40FC-B424-A75177945E42}.Debug|ARM64.Deploy.0 = Debug|ARM64
		{87D4E808-FBBF-40FC-B424-A75177945E42}.Debug|x64.ActiveCfg = Debug|ARM64
		{87D4E808-FBBF-40FC-B424-A75177945E42}.Debug|x64.Build.0 = Debug|ARM64
		{87D4E808-FBBF-40FC-B424-A75177945E42}.Debug|x64.Deploy.0 = Debug|ARM64
		{87D4E808-FBBF-40FC-B424-A75177945E42}.Debug|x86.ActiveCfg = Debug|ARM64
		{87D4E808-FBBF-40FC-B424-A75177945E42}.Debug|x86.Build.0 = Debug|ARM64
		{87D4E808-FBBF-40FC-B424-A75177945E42}.Debug|x86.Deploy.0 = Debug|ARM64
		{87D4E808-FBBF-40FC-B424-A75177945E42}.Release|Any CPU.ActiveCfg = Release|x86
		{87D4E808-FBBF-40FC-B424-A75177945E42}.Release|ARM.ActiveCfg = Release|ARM
		{87D4E808-FBBF-40FC-B424-A75177945E42}.Release|ARM.Build.0 = Release|ARM
		{87D4E808-FBBF-40FC-B424-A75177945E42}.Release|ARM.Deploy.0 = Release|ARM
		{87D4E808-FBBF-40FC-B424-A75177945E42}.Release|ARM64.ActiveCfg = Release|ARM64
		{87D4E808-FBBF-40FC-B424-A75177945E42}.Release|ARM64.Build.0 = Release|ARM64
		{87D4E808-FBBF-40FC-B424-A75177945E42}.Release|ARM64.Deploy.0 = Release|ARM64
		{87D4E808-FBBF-40FC-B424-A75177945E42}.Release|x64.ActiveCfg = Release|x64
		{87D4E808-FBBF-40FC-B424-A75177945E42}.Release|x64.Build.0 = Release|x64
		{87D4E808-FBBF-40FC-B424-A75177945E42}.Release|x64.Deploy.0 = Release|x64
		{87D4E808-FBBF-40FC-B424-A75177945E42}.Release|x86.ActiveCfg = Release|x86
		{87D4E808-FBBF-40FC-B424-A75177945E42}.Release|x86.Build.0 = Release|x86
		{87D4E808-FBBF-40FC-B424-A75177945E42}.Release|x86.Deploy.0 = Release|x86
		{A4444A8B-ED62-49DC-88CB-7B21C08C2511}.Debug|Any CPU.ActiveCfg = Debug|x64
		{A4444A8B-ED62-49DC-88CB-7B21C08C2511}.Debug|Any CPU.Build.0 = Debug|x64
		{A4444A8B-ED62-49DC-88CB-7B21C08C2511}.Debug|Any CPU.Deploy.0 = Debug|x64
		{A4444A8B-ED62-49DC-88CB-7B21C08C2511}.Debug|ARM.ActiveCfg = Debug|ARM
		{A4444A8B-ED62-49DC-88CB-7B21C08C2511}.Debug|ARM.Build.0 = Debug|ARM
		{A4444A8B-ED62-49DC-88CB-7B21C08C2511}.Debug|ARM.Deploy.0 = Debug|ARM
		{A4444A8B-ED62-49DC-88CB-7B21C08C2511}.Debug|ARM64.ActiveCfg = Debug|ARM64
		{A4444A8B-ED62-49DC-88CB-7B21C08C2511}.Debug|ARM64.Build.0 = Debug|ARM64
		{A4444A8B-ED62-49DC-88CB-7B21C08C2511}.Debug|ARM64.Deploy.0 = Debug|ARM64
		{A4444A8B-ED62-49DC-88CB-7B21C08C2511}.Debug|x64.ActiveCfg = Debug|x64
		{A4444A8B-ED62-49DC-88CB-7B21C08C2511}.Debug|x64.Build.0 = Debug|x64
		{A4444A8B-ED62-49DC-88CB-7B21C08C2511}.Debug|x64.Deploy.0 = Debug|x64
		{A4444A8B-ED62-49DC-88CB-7B21C08C2511}.Debug|x86.ActiveCfg = Debug|x86
		{A4444A8B-ED62-49DC-88CB-7B21C08C2511}.Debug|x86.Build.0 = Debug|x86
		{A4444A8B-ED62-49DC-88CB-7B21C08C2511}.Debug|x86.Deploy.0 = Debug|x86
		{A4444A8B-ED62-49DC-88CB-7B21C08C2511}.Release|Any CPU.ActiveCfg = Release|x86
		{A4444A8B-ED62-49DC-88CB-7B21C08C2511}.Release|ARM.ActiveCfg = Release|ARM
		{A4444A8B-ED62-49DC-88CB-7B21C08C2511}.Release|ARM.Build.0 = Release|ARM
		{A4444A8B-ED62-49DC-88CB-7B21C08C2511}.Release|ARM.Deploy.0 = Release|ARM
		{A4444A8B-ED62-49DC-88CB-7B21C08C2511}.Release|ARM64.ActiveCfg = Release|ARM64
		{A4444A8B-ED62-49DC-88CB-7B21C08C2511}.Release|ARM64.Build.0 = Release|ARM64
		{A4444A8B-ED62-49DC-88CB-7B21C08C2511}.Release|ARM64.Deploy.0 = Release|ARM64
		{A4444A8B-ED62-49DC-88CB-7B21C08C2511}.Release|x64.ActiveCfg = Release|x64
		{A4444A8B-ED62-49DC-88CB-7B21C08C2511}.Release|x64.Build.0 = Release|x64
		{A4444A8B-ED62-49DC-88CB-7B21C08C2511}.Release|x64.Deploy.0 = Release|x64
		{A4444A8B-ED62-49DC-88CB-7B21C08C2511}.Release|x86.ActiveCfg = Release|x86
		{A4444A8B-ED62-49DC-88CB-7B21C08C2511}.Release|x86.Build.0 = Release|x86
		{A4444A8B-ED62-49DC-88CB-7B21C08C2511}.Release|x86.Deploy.0 = Release|x86
		{8E53DD2B-A14A-4AF5-89B3-0884F6C04792}.Debug|Any CPU.ActiveCfg = Debug|Any CPU
		{8E53DD2B-A14A-4AF5-89B3-0884F6C04792}.Debug|ARM.ActiveCfg = Debug|Any CPU
		{8E53DD2B-A14A-4AF5-89B3-0884F6C04792}.Debug|ARM64.ActiveCfg = Debug|Any CPU
		{8E53DD2B-A14A-4AF5-89B3-0884F6C04792}.Debug|x64.ActiveCfg = Debug|Any CPU
		{8E53DD2B-A14A-4AF5-89B3-0884F6C04792}.Debug|x86.ActiveCfg = Debug|Any CPU
		{8E53DD2B-A14A-4AF5-89B3-0884F6C04792}.Release|Any CPU.ActiveCfg = Release|Any CPU
		{8E53DD2B-A14A-4AF5-89B3-0884F6C04792}.Release|ARM.ActiveCfg = Release|Any CPU
		{8E53DD2B-A14A-4AF5-89B3-0884F6C04792}.Release|ARM64.ActiveCfg = Release|Any CPU
		{8E53DD2B-A14A-4AF5-89B3-0884F6C04792}.Release|x64.ActiveCfg = Release|Any CPU
		{8E53DD2B-A14A-4AF5-89B3-0884F6C04792}.Release|x86.ActiveCfg = Release|Any CPU
	EndGlobalSection
	GlobalSection(SolutionProperties) = preSolution
		HideSolutionNode = FALSE
	EndGlobalSection
	GlobalSection(NestedProjects) = preSolution
		{86FF10A2-7406-4DEF-BDE6-8D48D9DB1EB6} = {7AB8D65E-712F-4023-8182-6BA4756F9695}
		{005F7A65-C4A4-4E7F-8A02-A1076B834745} = {7AB8D65E-712F-4023-8182-6BA4756F9695}
		{87D4E808-FBBF-40FC-B424-A75177945E42} = {7AB8D65E-712F-4023-8182-6BA4756F9695}
		{A4444A8B-ED62-49DC-88CB-7B21C08C2511} = {7AB8D65E-712F-4023-8182-6BA4756F9695}
		{8E53DD2B-A14A-4AF5-89B3-0884F6C04792} = {7AB8D65E-712F-4023-8182-6BA4756F9695}
	EndGlobalSection
	GlobalSection(ExtensibilityGlobals) = postSolution
		SolutionGuid = {CEF304D8-4E56-4599-9E6A-F89EB97D8525}
	EndGlobalSection
EndGlobal
