
Microsoft Visual Studio Solution File, Format Version 12.00
# Visual Studio Version 16
VisualStudioVersion = 16.0.31515.178
MinimumVisualStudioVersion = 10.0.40219.1
Project("{F184B08F-C81C-45F6-A57F-5ABD9991F28F}") = "OGFrp.Core", "src\OGFrp.Core\OGFrp.Core.vbproj", "{102BD0CC-2972-4229-B39C-2881F345BC8F}"
EndProject
Project("{FAE04EC0-301F-11D3-BF4B-00C04F79EFBC}") = "OGFrp.UI", "src\OGFrp.UI\OGFrp.UI.csproj", "{5D663D05-BF63-44BB-BB0B-8B14C7E8810A}"
EndProject
Project("{F184B08F-C81C-45F6-A57F-5ABD9991F28F}") = "OGFrp.Main", "src\OGFrp.Main\OGFrp.Main.vbproj", "{F2249DEF-3392-487D-A08E-91D1B5938B0A}"
EndProject
Project("{FAE04EC0-301F-11D3-BF4B-00C04F79EFBC}") = "OGFrp.Test", "src\OGFrp.Test\OGFrp.Test.csproj", "{FCE830CA-42AF-4F0C-89DE-201D427501B6}"
EndProject
Project("{FAE04EC0-301F-11D3-BF4B-00C04F79EFBC}") = "OGFrp.Lite", "src\OGFrp.Lite\OGFrp.Lite.csproj", "{BE9916D1-32E4-4179-BEAA-1EAFBE01C819}"
EndProject
Project("{8BC9CEB8-8B4A-11D0-8D11-00A0C91BC942}") = "OGFrp.Console.Windows", "src\OGFrp.Console\OGFrp.Console.Windows\OGFrp.Console.Windows.vcxproj", "{53172733-00C5-4AF1-8682-B90BB0246317}"
EndProject
Project("{2150E333-8FDC-42A3-9474-1A3956D46DE8}") = "OGFrp.Console", "OGFrp.Console", "{820D5247-63DB-4D45-8E53-D335C06E8C68}"
EndProject
Project("{8BC9CEB8-8B4A-11D0-8D11-00A0C91BC942}") = "OGFrp.Console.Linux", "src\OGFrp.Console\OGFrp.Console.Linux\OGFrp.Console.Linux.vcxproj", "{CF6FA26D-9459-4FD8-8D7F-898342329A52}"
EndProject
Project("{8BC9CEB8-8B4A-11D0-8D11-00A0C91BC942}") = "OGFrp.Console.Shared", "src\OGFrp.Console\OGFrp.Console.Shared\OGFrp.Console.Shared.vcxitems", "{EDE775F7-BC12-40C6-92D2-8EDE4460EAA3}"
EndProject
Global
	GlobalSection(SharedMSBuildProjectFiles) = preSolution
		src\OGFrp.Console\OGFrp.Console.Shared\OGFrp.Console.Shared.vcxitems*{53172733-00c5-4af1-8682-b90bb0246317}*SharedItemsImports = 4
		src\OGFrp.Console\OGFrp.Console.Shared\OGFrp.Console.Shared.vcxitems*{cf6fa26d-9459-4fd8-8d7f-898342329a52}*SharedItemsImports = 4
		src\OGFrp.Console\OGFrp.Console.Shared\OGFrp.Console.Shared.vcxitems*{ede775f7-bc12-40c6-92d2-8ede4460eaa3}*SharedItemsImports = 9
	EndGlobalSection
	GlobalSection(SolutionConfigurationPlatforms) = preSolution
		Debug|Any CPU = Debug|Any CPU
		Debug|ARM = Debug|ARM
		Debug|ARM64 = Debug|ARM64
		Debug|x64 = Debug|x64
		Debug|x86 = Debug|x86
		Release|Any CPU = Release|Any CPU
		Release|ARM = Release|ARM
		Release|ARM64 = Release|ARM64
		Release|x64 = Release|x64
		Release|x86 = Release|x86
	EndGlobalSection
	GlobalSection(ProjectConfigurationPlatforms) = postSolution
		{102BD0CC-2972-4229-B39C-2881F345BC8F}.Debug|Any CPU.ActiveCfg = Debug|Any CPU
		{102BD0CC-2972-4229-B39C-2881F345BC8F}.Debug|Any CPU.Build.0 = Debug|Any CPU
		{102BD0CC-2972-4229-B39C-2881F345BC8F}.Debug|ARM.ActiveCfg = Debug|Any CPU
		{102BD0CC-2972-4229-B39C-2881F345BC8F}.Debug|ARM.Build.0 = Debug|Any CPU
		{102BD0CC-2972-4229-B39C-2881F345BC8F}.Debug|ARM64.ActiveCfg = Debug|Any CPU
		{102BD0CC-2972-4229-B39C-2881F345BC8F}.Debug|ARM64.Build.0 = Debug|Any CPU
		{102BD0CC-2972-4229-B39C-2881F345BC8F}.Debug|x64.ActiveCfg = Debug|x64
		{102BD0CC-2972-4229-B39C-2881F345BC8F}.Debug|x64.Build.0 = Debug|x64
		{102BD0CC-2972-4229-B39C-2881F345BC8F}.Debug|x86.ActiveCfg = Debug|Any CPU
		{102BD0CC-2972-4229-B39C-2881F345BC8F}.Debug|x86.Build.0 = Debug|Any CPU
		{102BD0CC-2972-4229-B39C-2881F345BC8F}.Release|Any CPU.ActiveCfg = Release|Any CPU
		{102BD0CC-2972-4229-B39C-2881F345BC8F}.Release|Any CPU.Build.0 = Release|Any CPU
		{102BD0CC-2972-4229-B39C-2881F345BC8F}.Release|ARM.ActiveCfg = Release|Any CPU
		{102BD0CC-2972-4229-B39C-2881F345BC8F}.Release|ARM.Build.0 = Release|Any CPU
		{102BD0CC-2972-4229-B39C-2881F345BC8F}.Release|ARM64.ActiveCfg = Release|Any CPU
		{102BD0CC-2972-4229-B39C-2881F345BC8F}.Release|ARM64.Build.0 = Release|Any CPU
		{102BD0CC-2972-4229-B39C-2881F345BC8F}.Release|x64.ActiveCfg = Release|x64
		{102BD0CC-2972-4229-B39C-2881F345BC8F}.Release|x64.Build.0 = Release|x64
		{102BD0CC-2972-4229-B39C-2881F345BC8F}.Release|x86.ActiveCfg = Release|Any CPU
		{102BD0CC-2972-4229-B39C-2881F345BC8F}.Release|x86.Build.0 = Release|Any CPU
		{5D663D05-BF63-44BB-BB0B-8B14C7E8810A}.Debug|Any CPU.ActiveCfg = Debug|Any CPU
		{5D663D05-BF63-44BB-BB0B-8B14C7E8810A}.Debug|Any CPU.Build.0 = Debug|Any CPU
		{5D663D05-BF63-44BB-BB0B-8B14C7E8810A}.Debug|ARM.ActiveCfg = Debug|Any CPU
		{5D663D05-BF63-44BB-BB0B-8B14C7E8810A}.Debug|ARM.Build.0 = Debug|Any CPU
		{5D663D05-BF63-44BB-BB0B-8B14C7E8810A}.Debug|ARM64.ActiveCfg = Debug|Any CPU
		{5D663D05-BF63-44BB-BB0B-8B14C7E8810A}.Debug|ARM64.Build.0 = Debug|Any CPU
		{5D663D05-BF63-44BB-BB0B-8B14C7E8810A}.Debug|x64.ActiveCfg = Debug|x64
		{5D663D05-BF63-44BB-BB0B-8B14C7E8810A}.Debug|x64.Build.0 = Debug|x64
		{5D663D05-BF63-44BB-BB0B-8B14C7E8810A}.Debug|x86.ActiveCfg = Debug|Any CPU
		{5D663D05-BF63-44BB-BB0B-8B14C7E8810A}.Debug|x86.Build.0 = Debug|Any CPU
		{5D663D05-BF63-44BB-BB0B-8B14C7E8810A}.Release|Any CPU.ActiveCfg = Release|Any CPU
		{5D663D05-BF63-44BB-BB0B-8B14C7E8810A}.Release|Any CPU.Build.0 = Release|Any CPU
		{5D663D05-BF63-44BB-BB0B-8B14C7E8810A}.Release|ARM.ActiveCfg = Release|Any CPU
		{5D663D05-BF63-44BB-BB0B-8B14C7E8810A}.Release|ARM.Build.0 = Release|Any CPU
		{5D663D05-BF63-44BB-BB0B-8B14C7E8810A}.Release|ARM64.ActiveCfg = Release|Any CPU
		{5D663D05-BF63-44BB-BB0B-8B14C7E8810A}.Release|ARM64.Build.0 = Release|Any CPU
		{5D663D05-BF63-44BB-BB0B-8B14C7E8810A}.Release|x64.ActiveCfg = Release|x64
		{5D663D05-BF63-44BB-BB0B-8B14C7E8810A}.Release|x64.Build.0 = Release|x64
		{5D663D05-BF63-44BB-BB0B-8B14C7E8810A}.Release|x86.ActiveCfg = Release|Any CPU
		{5D663D05-BF63-44BB-BB0B-8B14C7E8810A}.Release|x86.Build.0 = Release|Any CPU
		{F2249DEF-3392-487D-A08E-91D1B5938B0A}.Debug|Any CPU.ActiveCfg = Debug|Any CPU
		{F2249DEF-3392-487D-A08E-91D1B5938B0A}.Debug|Any CPU.Build.0 = Debug|Any CPU
		{F2249DEF-3392-487D-A08E-91D1B5938B0A}.Debug|ARM.ActiveCfg = Debug|Any CPU
		{F2249DEF-3392-487D-A08E-91D1B5938B0A}.Debug|ARM.Build.0 = Debug|Any CPU
		{F2249DEF-3392-487D-A08E-91D1B5938B0A}.Debug|ARM64.ActiveCfg = Debug|Any CPU
		{F2249DEF-3392-487D-A08E-91D1B5938B0A}.Debug|ARM64.Build.0 = Debug|Any CPU
		{F2249DEF-3392-487D-A08E-91D1B5938B0A}.Debug|x64.ActiveCfg = Debug|x64
		{F2249DEF-3392-487D-A08E-91D1B5938B0A}.Debug|x64.Build.0 = Debug|x64
		{F2249DEF-3392-487D-A08E-91D1B5938B0A}.Debug|x86.ActiveCfg = Debug|Any CPU
		{F2249DEF-3392-487D-A08E-91D1B5938B0A}.Debug|x86.Build.0 = Debug|Any CPU
		{F2249DEF-3392-487D-A08E-91D1B5938B0A}.Release|Any CPU.ActiveCfg = Release|Any CPU
		{F2249DEF-3392-487D-A08E-91D1B5938B0A}.Release|Any CPU.Build.0 = Release|Any CPU
		{F2249DEF-3392-487D-A08E-91D1B5938B0A}.Release|ARM.ActiveCfg = Release|Any CPU
		{F2249DEF-3392-487D-A08E-91D1B5938B0A}.Release|ARM.Build.0 = Release|Any CPU
		{F2249DEF-3392-487D-A08E-91D1B5938B0A}.Release|ARM64.ActiveCfg = Release|Any CPU
		{F2249DEF-3392-487D-A08E-91D1B5938B0A}.Release|ARM64.Build.0 = Release|Any CPU
		{F2249DEF-3392-487D-A08E-91D1B5938B0A}.Release|x64.ActiveCfg = Release|x64
		{F2249DEF-3392-487D-A08E-91D1B5938B0A}.Release|x64.Build.0 = Release|x64
		{F2249DEF-3392-487D-A08E-91D1B5938B0A}.Release|x86.ActiveCfg = Release|Any CPU
		{F2249DEF-3392-487D-A08E-91D1B5938B0A}.Release|x86.Build.0 = Release|Any CPU
		{FCE830CA-42AF-4F0C-89DE-201D427501B6}.Debug|Any CPU.ActiveCfg = Debug|Any CPU
		{FCE830CA-42AF-4F0C-89DE-201D427501B6}.Debug|Any CPU.Build.0 = Debug|Any CPU
		{FCE830CA-42AF-4F0C-89DE-201D427501B6}.Debug|ARM.ActiveCfg = Debug|Any CPU
		{FCE830CA-42AF-4F0C-89DE-201D427501B6}.Debug|ARM.Build.0 = Debug|Any CPU
		{FCE830CA-42AF-4F0C-89DE-201D427501B6}.Debug|ARM64.ActiveCfg = Debug|Any CPU
		{FCE830CA-42AF-4F0C-89DE-201D427501B6}.Debug|ARM64.Build.0 = Debug|Any CPU
		{FCE830CA-42AF-4F0C-89DE-201D427501B6}.Debug|x64.ActiveCfg = Debug|x64
		{FCE830CA-42AF-4F0C-89DE-201D427501B6}.Debug|x64.Build.0 = Debug|x64
		{FCE830CA-42AF-4F0C-89DE-201D427501B6}.Debug|x86.ActiveCfg = Debug|Any CPU
		{FCE830CA-42AF-4F0C-89DE-201D427501B6}.Debug|x86.Build.0 = Debug|Any CPU
		{FCE830CA-42AF-4F0C-89DE-201D427501B6}.Release|Any CPU.ActiveCfg = Release|Any CPU
		{FCE830CA-42AF-4F0C-89DE-201D427501B6}.Release|Any CPU.Build.0 = Release|Any CPU
		{FCE830CA-42AF-4F0C-89DE-201D427501B6}.Release|ARM.ActiveCfg = Release|Any CPU
		{FCE830CA-42AF-4F0C-89DE-201D427501B6}.Release|ARM.Build.0 = Release|Any CPU
		{FCE830CA-42AF-4F0C-89DE-201D427501B6}.Release|ARM64.ActiveCfg = Release|Any CPU
		{FCE830CA-42AF-4F0C-89DE-201D427501B6}.Release|ARM64.Build.0 = Release|Any CPU
		{FCE830CA-42AF-4F0C-89DE-201D427501B6}.Release|x64.ActiveCfg = Release|x64
		{FCE830CA-42AF-4F0C-89DE-201D427501B6}.Release|x64.Build.0 = Release|x64
		{FCE830CA-42AF-4F0C-89DE-201D427501B6}.Release|x86.ActiveCfg = Release|Any CPU
		{FCE830CA-42AF-4F0C-89DE-201D427501B6}.Release|x86.Build.0 = Release|Any CPU
		{BE9916D1-32E4-4179-BEAA-1EAFBE01C819}.Debug|Any CPU.ActiveCfg = Debug|Any CPU
		{BE9916D1-32E4-4179-BEAA-1EAFBE01C819}.Debug|Any CPU.Build.0 = Debug|Any CPU
		{BE9916D1-32E4-4179-BEAA-1EAFBE01C819}.Debug|ARM.ActiveCfg = Debug|Any CPU
		{BE9916D1-32E4-4179-BEAA-1EAFBE01C819}.Debug|ARM.Build.0 = Debug|Any CPU
		{BE9916D1-32E4-4179-BEAA-1EAFBE01C819}.Debug|ARM64.ActiveCfg = Debug|Any CPU
		{BE9916D1-32E4-4179-BEAA-1EAFBE01C819}.Debug|ARM64.Build.0 = Debug|Any CPU
		{BE9916D1-32E4-4179-BEAA-1EAFBE01C819}.Debug|x64.ActiveCfg = Debug|x64
		{BE9916D1-32E4-4179-BEAA-1EAFBE01C819}.Debug|x64.Build.0 = Debug|x64
		{BE9916D1-32E4-4179-BEAA-1EAFBE01C819}.Debug|x86.ActiveCfg = Debug|Any CPU
		{BE9916D1-32E4-4179-BEAA-1EAFBE01C819}.Debug|x86.Build.0 = Debug|Any CPU
		{BE9916D1-32E4-4179-BEAA-1EAFBE01C819}.Release|Any CPU.ActiveCfg = Release|Any CPU
		{BE9916D1-32E4-4179-BEAA-1EAFBE01C819}.Release|Any CPU.Build.0 = Release|Any CPU
		{BE9916D1-32E4-4179-BEAA-1EAFBE01C819}.Release|ARM.ActiveCfg = Release|Any CPU
		{BE9916D1-32E4-4179-BEAA-1EAFBE01C819}.Release|ARM.Build.0 = Release|Any CPU
		{BE9916D1-32E4-4179-BEAA-1EAFBE01C819}.Release|ARM64.ActiveCfg = Release|Any CPU
		{BE9916D1-32E4-4179-BEAA-1EAFBE01C819}.Release|ARM64.Build.0 = Release|Any CPU
		{BE9916D1-32E4-4179-BEAA-1EAFBE01C819}.Release|x64.ActiveCfg = Release|x64
		{BE9916D1-32E4-4179-BEAA-1EAFBE01C819}.Release|x64.Build.0 = Release|x64
		{BE9916D1-32E4-4179-BEAA-1EAFBE01C819}.Release|x86.ActiveCfg = Release|Any CPU
		{BE9916D1-32E4-4179-BEAA-1EAFBE01C819}.Release|x86.Build.0 = Release|Any CPU
		{53172733-00C5-4AF1-8682-B90BB0246317}.Debug|Any CPU.ActiveCfg = Debug|Win32
		{53172733-00C5-4AF1-8682-B90BB0246317}.Debug|ARM.ActiveCfg = Debug|Win32
		{53172733-00C5-4AF1-8682-B90BB0246317}.Debug|ARM64.ActiveCfg = Debug|Win32
		{53172733-00C5-4AF1-8682-B90BB0246317}.Debug|x64.ActiveCfg = Debug|x64
		{53172733-00C5-4AF1-8682-B90BB0246317}.Debug|x64.Build.0 = Debug|x64
		{53172733-00C5-4AF1-8682-B90BB0246317}.Debug|x86.ActiveCfg = Debug|Win32
		{53172733-00C5-4AF1-8682-B90BB0246317}.Debug|x86.Build.0 = Debug|Win32
		{53172733-00C5-4AF1-8682-B90BB0246317}.Release|Any CPU.ActiveCfg = Release|Win32
		{53172733-00C5-4AF1-8682-B90BB0246317}.Release|ARM.ActiveCfg = Release|Win32
		{53172733-00C5-4AF1-8682-B90BB0246317}.Release|ARM64.ActiveCfg = Release|Win32
		{53172733-00C5-4AF1-8682-B90BB0246317}.Release|x64.ActiveCfg = Release|x64
		{53172733-00C5-4AF1-8682-B90BB0246317}.Release|x64.Build.0 = Release|x64
		{53172733-00C5-4AF1-8682-B90BB0246317}.Release|x86.ActiveCfg = Release|Win32
		{53172733-00C5-4AF1-8682-B90BB0246317}.Release|x86.Build.0 = Release|Win32
		{CF6FA26D-9459-4FD8-8D7F-898342329A52}.Debug|Any CPU.ActiveCfg = Debug|x86
		{CF6FA26D-9459-4FD8-8D7F-898342329A52}.Debug|ARM.ActiveCfg = Debug|ARM
		{CF6FA26D-9459-4FD8-8D7F-898342329A52}.Debug|ARM.Build.0 = Debug|ARM
		{CF6FA26D-9459-4FD8-8D7F-898342329A52}.Debug|ARM.Deploy.0 = Debug|ARM
		{CF6FA26D-9459-4FD8-8D7F-898342329A52}.Debug|ARM64.ActiveCfg = Debug|ARM64
		{CF6FA26D-9459-4FD8-8D7F-898342329A52}.Debug|ARM64.Build.0 = Debug|ARM64
		{CF6FA26D-9459-4FD8-8D7F-898342329A52}.Debug|ARM64.Deploy.0 = Debug|ARM64
		{CF6FA26D-9459-4FD8-8D7F-898342329A52}.Debug|x64.ActiveCfg = Debug|x64
		{CF6FA26D-9459-4FD8-8D7F-898342329A52}.Debug|x64.Build.0 = Debug|x64
		{CF6FA26D-9459-4FD8-8D7F-898342329A52}.Debug|x64.Deploy.0 = Debug|x64
		{CF6FA26D-9459-4FD8-8D7F-898342329A52}.Debug|x86.ActiveCfg = Debug|x86
		{CF6FA26D-9459-4FD8-8D7F-898342329A52}.Debug|x86.Build.0 = Debug|x86
		{CF6FA26D-9459-4FD8-8D7F-898342329A52}.Debug|x86.Deploy.0 = Debug|x86
		{CF6FA26D-9459-4FD8-8D7F-898342329A52}.Release|Any CPU.ActiveCfg = Release|x86
		{CF6FA26D-9459-4FD8-8D7F-898342329A52}.Release|ARM.ActiveCfg = Release|ARM
		{CF6FA26D-9459-4FD8-8D7F-898342329A52}.Release|ARM.Build.0 = Release|ARM
		{CF6FA26D-9459-4FD8-8D7F-898342329A52}.Release|ARM.Deploy.0 = Release|ARM
		{CF6FA26D-9459-4FD8-8D7F-898342329A52}.Release|ARM64.ActiveCfg = Release|ARM64
		{CF6FA26D-9459-4FD8-8D7F-898342329A52}.Release|ARM64.Build.0 = Release|ARM64
		{CF6FA26D-9459-4FD8-8D7F-898342329A52}.Release|ARM64.Deploy.0 = Release|ARM64
		{CF6FA26D-9459-4FD8-8D7F-898342329A52}.Release|x64.ActiveCfg = Release|x64
		{CF6FA26D-9459-4FD8-8D7F-898342329A52}.Release|x64.Build.0 = Release|x64
		{CF6FA26D-9459-4FD8-8D7F-898342329A52}.Release|x64.Deploy.0 = Release|x64
		{CF6FA26D-9459-4FD8-8D7F-898342329A52}.Release|x86.ActiveCfg = Release|x86
		{CF6FA26D-9459-4FD8-8D7F-898342329A52}.Release|x86.Build.0 = Release|x86
		{CF6FA26D-9459-4FD8-8D7F-898342329A52}.Release|x86.Deploy.0 = Release|x86
	EndGlobalSection
	GlobalSection(SolutionProperties) = preSolution
		HideSolutionNode = FALSE
	EndGlobalSection
	GlobalSection(NestedProjects) = preSolution
		{53172733-00C5-4AF1-8682-B90BB0246317} = {820D5247-63DB-4D45-8E53-D335C06E8C68}
		{CF6FA26D-9459-4FD8-8D7F-898342329A52} = {820D5247-63DB-4D45-8E53-D335C06E8C68}
	EndGlobalSection
	GlobalSection(ExtensibilityGlobals) = postSolution
		SolutionGuid = {CEF304D8-4E56-4599-9E6A-F89EB97D8525}
	EndGlobalSection
EndGlobal
